
Microsoft Visual Studio Solution File, Format Version 12.00
# Visual Studio Version 17
VisualStudioVersion = 17.7.34031.279
MinimumVisualStudioVersion = 10.0.40219.1
Project("{9A19103F-16F7-4668-BE54-9A1E7A4F7556}") = "linq-slideviews", "linq-slideviews.csproj", "{CC69AA6B-952D-4042-B6EC-C2767FD1326A}"
EndProject
Global
	GlobalSection(SolutionConfigurationPlatforms) = preSolution
		Debug|Any CPU = Debug|Any CPU
		Release|Any CPU = Release|Any CPU
	EndGlobalSection
	GlobalSection(ProjectConfigurationPlatforms) = postSolution
		{CC69AA6B-952D-4042-B6EC-C2767FD1326A}.Debug|Any CPU.ActiveCfg = Debug|Any CPU
		{CC69AA6B-952D-4042-B6EC-C2767FD1326A}.Debug|Any CPU.Build.0 = Debug|Any CPU
		{CC69AA6B-952D-4042-B6EC-C2767FD1326A}.Release|Any CPU.ActiveCfg = Release|Any CPU
		{CC69AA6B-952D-4042-B6EC-C2767FD1326A}.Release|Any CPU.Build.0 = Release|Any CPU
	EndGlobalSection
	GlobalSection(SolutionProperties) = preSolution
		HideSolutionNode = FALSE
	EndGlobalSection
	GlobalSection(ExtensibilityGlobals) = postSolution
		SolutionGuid = {B5AA3552-8C3B-4254-8F7A-9E13F4D82479}
	EndGlobalSection
EndGlobal
